
Microsoft Visual Studio Solution File, Format Version 12.00
# Visual Studio Version 17
VisualStudioVersion = 17.4.33205.214
MinimumVisualStudioVersion = 10.0.40219.1
Project("{9A19103F-16F7-4668-BE54-9A1E7A4F7556}") = "KurbanTakip", "KurbanTakip\KurbanTakip.csproj", "{E0FB0E7A-B75A-43C8-A00A-8BD29BE705AD}"
EndProject
Project("{FAE04EC0-301F-11D3-BF4B-00C04F79EFBC}") = "BusinessLayer", "BusinessLayer\BusinessLayer.csproj", "{8C8FC334-95EE-4A8F-9D7F-AD38B9293426}"
EndProject
Project("{FAE04EC0-301F-11D3-BF4B-00C04F79EFBC}") = "DataAccessLayer", "DataAccessLayer\DataAccessLayer.csproj", "{D0AB24D0-C312-4DD7-8C82-2544D088B71B}"
EndProject
Project("{FAE04EC0-301F-11D3-BF4B-00C04F79EFBC}") = "EntityLayer", "EntityLayer\EntityLayer.csproj", "{4D17D329-B5ED-4EF3-8A85-08B889DC2B08}"
EndProject
Global
	GlobalSection(SolutionConfigurationPlatforms) = preSolution
		Debug|Any CPU = Debug|Any CPU
		Release|Any CPU = Release|Any CPU
	EndGlobalSection
	GlobalSection(ProjectConfigurationPlatforms) = postSolution
		{E0FB0E7A-B75A-43C8-A00A-8BD29BE705AD}.Debug|Any CPU.ActiveCfg = Debug|Any CPU
		{E0FB0E7A-B75A-43C8-A00A-8BD29BE705AD}.Debug|Any CPU.Build.0 = Debug|Any CPU
		{E0FB0E7A-B75A-43C8-A00A-8BD29BE705AD}.Release|Any CPU.ActiveCfg = Release|Any CPU
		{E0FB0E7A-B75A-43C8-A00A-8BD29BE705AD}.Release|Any CPU.Build.0 = Release|Any CPU
		{8C8FC334-95EE-4A8F-9D7F-AD38B9293426}.Debug|Any CPU.ActiveCfg = Debug|Any CPU
		{8C8FC334-95EE-4A8F-9D7F-AD38B9293426}.Debug|Any CPU.Build.0 = Debug|Any CPU
		{8C8FC334-95EE-4A8F-9D7F-AD38B9293426}.Release|Any CPU.ActiveCfg = Release|Any CPU
		{8C8FC334-95EE-4A8F-9D7F-AD38B9293426}.Release|Any CPU.Build.0 = Release|Any CPU
		{D0AB24D0-C312-4DD7-8C82-2544D088B71B}.Debug|Any CPU.ActiveCfg = Debug|Any CPU
		{D0AB24D0-C312-4DD7-8C82-2544D088B71B}.Debug|Any CPU.Build.0 = Debug|Any CPU
		{D0AB24D0-C312-4DD7-8C82-2544D088B71B}.Release|Any CPU.ActiveCfg = Release|Any CPU
		{D0AB24D0-C312-4DD7-8C82-2544D088B71B}.Release|Any CPU.Build.0 = Release|Any CPU
		{4D17D329-B5ED-4EF3-8A85-08B889DC2B08}.Debug|Any CPU.ActiveCfg = Debug|Any CPU
		{4D17D329-B5ED-4EF3-8A85-08B889DC2B08}.Debug|Any CPU.Build.0 = Debug|Any CPU
		{4D17D329-B5ED-4EF3-8A85-08B889DC2B08}.Release|Any CPU.ActiveCfg = Release|Any CPU
		{4D17D329-B5ED-4EF3-8A85-08B889DC2B08}.Release|Any CPU.Build.0 = Release|Any CPU
	EndGlobalSection
	GlobalSection(SolutionProperties) = preSolution
		HideSolutionNode = FALSE
	EndGlobalSection
	GlobalSection(ExtensibilityGlobals) = postSolution
		SolutionGuid = {8FECE957-7017-4315-8CDC-A953412C1A94}
	EndGlobalSection
EndGlobal
